
Microsoft Visual Studio Solution File, Format Version 12.00
# Visual Studio Version 17
VisualStudioVersion = 17.9.34902.65
MinimumVisualStudioVersion = 10.0.40219.1
Project("{FAE04EC0-301F-11D3-BF4B-00C04F79EFBC}") = "Messanger.Api", "Messanger.Api\Messanger.Api.csproj", "{042212CE-C952-492D-A904-AF6C4745DB33}"
EndProject
Global
	GlobalSection(SolutionConfigurationPlatforms) = preSolution
		Debug|Any CPU = Debug|Any CPU
		Release|Any CPU = Release|Any CPU
	EndGlobalSection
	GlobalSection(ProjectConfigurationPlatforms) = postSolution
		{042212CE-C952-492D-A904-AF6C4745DB33}.Debug|Any CPU.ActiveCfg = Debug|Any CPU
		{042212CE-C952-492D-A904-AF6C4745DB33}.Debug|Any CPU.Build.0 = Debug|Any CPU
		{042212CE-C952-492D-A904-AF6C4745DB33}.Release|Any CPU.ActiveCfg = Release|Any CPU
		{042212CE-C952-492D-A904-AF6C4745DB33}.Release|Any CPU.Build.0 = Release|Any CPU
	EndGlobalSection
	GlobalSection(SolutionProperties) = preSolution
		HideSolutionNode = FALSE
	EndGlobalSection
	GlobalSection(ExtensibilityGlobals) = postSolution
		SolutionGuid = {BFA60905-92C9-4DCC-9662-AE580B2C4910}
	EndGlobalSection
EndGlobal
